Microsoft Visual Studio Solution File, Format Version 12.00
# Visual Studio Version 17
VisualStudioVersion = 17.5.2.0
MinimumVisualStudioVersion = 10.0.40219.1
Project("{FAE04EC0-301F-11D3-BF4B-00C04F79EFBC}") = "FitnessApp.Api", "FitnessApp.Api\FitnessApp.Api.csproj", "{43D16E48-AD55-A9F0-88F2-F9A65A5102FA}"
EndProject
Global
	GlobalSection(SolutionConfigurationPlatforms) = preSolution
		Debug|Any CPU = Debug|Any CPU
		Release|Any CPU = Release|Any CPU
	EndGlobalSection
	GlobalSection(ProjectConfigurationPlatforms) = postSolution
		{43D16E48-AD55-A9F0-88F2-F9A65A5102FA}.Debug|Any CPU.ActiveCfg = Debug|Any CPU
		{43D16E48-AD55-A9F0-88F2-F9A65A5102FA}.Debug|Any CPU.Build.0 = Debug|Any CPU
		{43D16E48-AD55-A9F0-88F2-F9A65A5102FA}.Release|Any CPU.ActiveCfg = Release|Any CPU
		{43D16E48-AD55-A9F0-88F2-F9A65A5102FA}.Release|Any CPU.Build.0 = Release|Any CPU
	EndGlobalSection
	GlobalSection(SolutionProperties) = preSolution
		HideSolutionNode = FALSE
	EndGlobalSection
	GlobalSection(ExtensibilityGlobals) = postSolution
		SolutionGuid = {54CE8BF4-B10C-4236-ADA1-C64C5523E0D8}
	EndGlobalSection
EndGlobal
